
Microsoft Visual Studio Solution File, Format Version 12.00
# Visual Studio 15
Project("{FAE04EC0-301F-11D3-BF4B-00C04F79EFBC}") = "Assembly-CSharp", "Assembly-CSharp.csproj", "{F68D411D-7C9A-E7FD-B699-9CE2D16F813D}"
EndProject
Project("{FAE04EC0-301F-11D3-BF4B-00C04F79EFBC}") = "NavMeshComponents", "NavMeshComponents.csproj", "{4470BC03-726B-07A2-208A-1E9CBF35341F}"
EndProject
Project("{FAE04EC0-301F-11D3-BF4B-00C04F79EFBC}") = "NavMeshComponentsEditor", "NavMeshComponentsEditor.csproj", "{331118C4-653C-3809-636B-4F943A2C85AB}"
EndProject
Global
	GlobalSection(SolutionConfigurationPlatforms) = preSolution
		Debug|Any CPU = Debug|Any CPU
		Release|Any CPU = Release|Any CPU
	EndGlobalSection
	GlobalSection(ProjectConfigurationPlatforms) = postSolution
		{F68D411D-7C9A-E7FD-B699-9CE2D16F813D}.Debug|Any CPU.ActiveCfg = Debug|Any CPU
		{F68D411D-7C9A-E7FD-B699-9CE2D16F813D}.Debug|Any CPU.Build.0 = Debug|Any CPU
		{F68D411D-7C9A-E7FD-B699-9CE2D16F813D}.Release|Any CPU.ActiveCfg = Release|Any CPU
		{F68D411D-7C9A-E7FD-B699-9CE2D16F813D}.Release|Any CPU.Build.0 = Release|Any CPU
		{4470BC03-726B-07A2-208A-1E9CBF35341F}.Debug|Any CPU.ActiveCfg = Debug|Any CPU
		{4470BC03-726B-07A2-208A-1E9CBF35341F}.Debug|Any CPU.Build.0 = Debug|Any CPU
		{4470BC03-726B-07A2-208A-1E9CBF35341F}.Release|Any CPU.ActiveCfg = Release|Any CPU
		{4470BC03-726B-07A2-208A-1E9CBF35341F}.Release|Any CPU.Build.0 = Release|Any CPU
		{331118C4-653C-3809-636B-4F943A2C85AB}.Debug|Any CPU.ActiveCfg = Debug|Any CPU
		{331118C4-653C-3809-636B-4F943A2C85AB}.Debug|Any CPU.Build.0 = Debug|Any CPU
		{331118C4-653C-3809-636B-4F943A2C85AB}.Release|Any CPU.ActiveCfg = Release|Any CPU
		{331118C4-653C-3809-636B-4F943A2C85AB}.Release|Any CPU.Build.0 = Release|Any CPU
	EndGlobalSection
	GlobalSection(SolutionProperties) = preSolution
		HideSolutionNode = FALSE
	EndGlobalSection
EndGlobal
